{
  "requires": true,
  "lockfileVersion": 1,
  "dependencies": {
    "react-webcam": {
      "version": "7.2.0",
      "resolved": "https://registry.npmjs.org/react-webcam/-/react-webcam-7.2.0.tgz",
      "integrity": "sha512-xkrzYPqa1ag2DP+2Q/kLKBmCIfEx49bVdgCCCcZf88oF+0NPEbkwYk3/s/C7Zy0mhM8k+hpdNkBLzxg8H0aWcg=="
    }
  }
}
